
Microsoft Visual Studio Solution File, Format Version 12.00
# Visual Studio Version 17
VisualStudioVersion = 17.9.34902.65
MinimumVisualStudioVersion = 10.0.40219.1
Project("{9A19103F-16F7-4668-BE54-9A1E7A4F7556}") = "ApiGateway.API", "ApiGateway.API\ApiGateway.API.csproj", "{5633D725-8528-498A-ACEA-7F04F29C6A77}"
EndProject
Project("{9A19103F-16F7-4668-BE54-9A1E7A4F7556}") = "ApiGateway.Infraestructure", "ApiGateway.Infraestructure\ApiGateway.Infraestructure.csproj", "{3B4AEC2E-E326-4312-9656-2028B92CC2AB}"
EndProject
Project("{FAE04EC0-301F-11D3-BF4B-00C04F79EFBC}") = "ApiGateway.Application", "ApiGateway.Application\ApiGateway.Application.csproj", "{EB27CB1D-A4F3-4B1F-A0E8-73269C71BF8C}"
EndProject
Global
	GlobalSection(SolutionConfigurationPlatforms) = preSolution
		Debug|Any CPU = Debug|Any CPU
		Release|Any CPU = Release|Any CPU
	EndGlobalSection
	GlobalSection(ProjectConfigurationPlatforms) = postSolution
		{5633D725-8528-498A-ACEA-7F04F29C6A77}.Debug|Any CPU.ActiveCfg = Debug|Any CPU
		{5633D725-8528-498A-ACEA-7F04F29C6A77}.Debug|Any CPU.Build.0 = Debug|Any CPU
		{5633D725-8528-498A-ACEA-7F04F29C6A77}.Release|Any CPU.ActiveCfg = Release|Any CPU
		{5633D725-8528-498A-ACEA-7F04F29C6A77}.Release|Any CPU.Build.0 = Release|Any CPU
		{3B4AEC2E-E326-4312-9656-2028B92CC2AB}.Debug|Any CPU.ActiveCfg = Debug|Any CPU
		{3B4AEC2E-E326-4312-9656-2028B92CC2AB}.Debug|Any CPU.Build.0 = Debug|Any CPU
		{3B4AEC2E-E326-4312-9656-2028B92CC2AB}.Release|Any CPU.ActiveCfg = Release|Any CPU
		{3B4AEC2E-E326-4312-9656-2028B92CC2AB}.Release|Any CPU.Build.0 = Release|Any CPU
		{EB27CB1D-A4F3-4B1F-A0E8-73269C71BF8C}.Debug|Any CPU.ActiveCfg = Debug|Any CPU
		{EB27CB1D-A4F3-4B1F-A0E8-73269C71BF8C}.Debug|Any CPU.Build.0 = Debug|Any CPU
		{EB27CB1D-A4F3-4B1F-A0E8-73269C71BF8C}.Release|Any CPU.ActiveCfg = Release|Any CPU
		{EB27CB1D-A4F3-4B1F-A0E8-73269C71BF8C}.Release|Any CPU.Build.0 = Release|Any CPU
	EndGlobalSection
	GlobalSection(SolutionProperties) = preSolution
		HideSolutionNode = FALSE
	EndGlobalSection
	GlobalSection(ExtensibilityGlobals) = postSolution
		SolutionGuid = {87E63E7B-32D6-4A58-BCAC-0035A75CD3F4}
	EndGlobalSection
EndGlobal
